
Microsoft Visual Studio Solution File, Format Version 12.00
# Visual Studio 14
VisualStudioVersion = 14.0.25123.0
MinimumVisualStudioVersion = 10.0.40219.1
Project("{FAE04EC0-301F-11D3-BF4B-00C04F79EFBC}") = "BikesAPI", "BikesAPI\BikesAPI.csproj", "{E4B208E7-958A-4832-AF4E-0F1DF8ACC2F9}"
EndProject
Project("{FAE04EC0-301F-11D3-BF4B-00C04F79EFBC}") = "WindowsApp", "WindowsApp\WindowsApp.csproj", "{309C43C4-D58C-4EE5-8C73-45589668F158}"
EndProject
Project("{FAE04EC0-301F-11D3-BF4B-00C04F79EFBC}") = "AndroidApp", "AndroidApp\AndroidApp.csproj", "{A29605F3-50A6-4900-91AD-CACF5174A68F}"
EndProject
Project("{FAE04EC0-301F-11D3-BF4B-00C04F79EFBC}") = "AppLogic", "AppLogic\AppLogic.csproj", "{CE692126-E9CE-42DD-B861-3E955B934FF4}"
EndProject
Project("{FAE04EC0-301F-11D3-BF4B-00C04F79EFBC}") = "BikeDataModels", "BikeDataModels\BikeDataModels.csproj", "{FAD16D33-650E-487A-BAE2-150DF57F2D16}"
EndProject
Project("{F088123C-0E9E-452A-89E6-6BA2F21D5CAC}") = "ModelingProject", "ModelingProject\ModelingProject.modelproj", "{E7D94EDC-E7B2-4063-B163-B933B8B33EE0}"
EndProject
Global
	GlobalSection(SolutionConfigurationPlatforms) = preSolution
		Debug|Any CPU = Debug|Any CPU
		Release|Any CPU = Release|Any CPU
	EndGlobalSection
	GlobalSection(ProjectConfigurationPlatforms) = postSolution
		{E4B208E7-958A-4832-AF4E-0F1DF8ACC2F9}.Debug|Any CPU.ActiveCfg = Debug|Any CPU
		{E4B208E7-958A-4832-AF4E-0F1DF8ACC2F9}.Debug|Any CPU.Build.0 = Debug|Any CPU
		{E4B208E7-958A-4832-AF4E-0F1DF8ACC2F9}.Release|Any CPU.ActiveCfg = Release|Any CPU
		{E4B208E7-958A-4832-AF4E-0F1DF8ACC2F9}.Release|Any CPU.Build.0 = Release|Any CPU
		{309C43C4-D58C-4EE5-8C73-45589668F158}.Debug|Any CPU.ActiveCfg = Debug|Any CPU
		{309C43C4-D58C-4EE5-8C73-45589668F158}.Debug|Any CPU.Build.0 = Debug|Any CPU
		{309C43C4-D58C-4EE5-8C73-45589668F158}.Release|Any CPU.ActiveCfg = Release|Any CPU
		{309C43C4-D58C-4EE5-8C73-45589668F158}.Release|Any CPU.Build.0 = Release|Any CPU
		{A29605F3-50A6-4900-91AD-CACF5174A68F}.Debug|Any CPU.ActiveCfg = Debug|Any CPU
		{A29605F3-50A6-4900-91AD-CACF5174A68F}.Debug|Any CPU.Build.0 = Debug|Any CPU
		{A29605F3-50A6-4900-91AD-CACF5174A68F}.Debug|Any CPU.Deploy.0 = Debug|Any CPU
		{A29605F3-50A6-4900-91AD-CACF5174A68F}.Release|Any CPU.ActiveCfg = Release|Any CPU
		{A29605F3-50A6-4900-91AD-CACF5174A68F}.Release|Any CPU.Build.0 = Release|Any CPU
		{A29605F3-50A6-4900-91AD-CACF5174A68F}.Release|Any CPU.Deploy.0 = Release|Any CPU
		{CE692126-E9CE-42DD-B861-3E955B934FF4}.Debug|Any CPU.ActiveCfg = Debug|Any CPU
		{CE692126-E9CE-42DD-B861-3E955B934FF4}.Debug|Any CPU.Build.0 = Debug|Any CPU
		{CE692126-E9CE-42DD-B861-3E955B934FF4}.Release|Any CPU.ActiveCfg = Release|Any CPU
		{CE692126-E9CE-42DD-B861-3E955B934FF4}.Release|Any CPU.Build.0 = Release|Any CPU
		{FAD16D33-650E-487A-BAE2-150DF57F2D16}.Debug|Any CPU.ActiveCfg = Debug|Any CPU
		{FAD16D33-650E-487A-BAE2-150DF57F2D16}.Debug|Any CPU.Build.0 = Debug|Any CPU
		{FAD16D33-650E-487A-BAE2-150DF57F2D16}.Release|Any CPU.ActiveCfg = Release|Any CPU
		{FAD16D33-650E-487A-BAE2-150DF57F2D16}.Release|Any CPU.Build.0 = Release|Any CPU
		{E7D94EDC-E7B2-4063-B163-B933B8B33EE0}.Debug|Any CPU.ActiveCfg = Debug|Any CPU
		{E7D94EDC-E7B2-4063-B163-B933B8B33EE0}.Debug|Any CPU.Build.0 = Debug|Any CPU
		{E7D94EDC-E7B2-4063-B163-B933B8B33EE0}.Release|Any CPU.ActiveCfg = Release|Any CPU
		{E7D94EDC-E7B2-4063-B163-B933B8B33EE0}.Release|Any CPU.Build.0 = Release|Any CPU
	EndGlobalSection
	GlobalSection(SolutionProperties) = preSolution
		HideSolutionNode = FALSE
	EndGlobalSection
EndGlobal
